version = 1
revision = 3
requires-python = ">=3.13"

[[package]]
name = "colorama"
version = "0.4.6"
source = { registry = "https://pypi.org/simple" }
sdist = { url = "https://files.pythonhosted.org/packages/d8/53/6f443c9a4a8358a93a6792e2acffb9d9d5cb0a5cfd8802644b7b1c9a02e4/colorama-0.4.6.tar.gz", hash = "sha256:08695f5cb7ed6e0531a20572697297273c47b8cae5a63ffc6d6ed5c201be6e44", size = 27697, upload-time = "2022-10-25T02:36:22.414Z" }
wheels = [
    { url = "https://files.pythonhosted.org/packages/d1/d6/3965ed04c63042e047cb6a3e6ed1a63a35087b6a609aa3a15ed8ac56c221/colorama-0.4.6-py2.py3-none-any.whl", hash = "sha256:4f1d9991f5acc0ca119f9d443620b77f9d6b33703e51011c16baf57afb285fc6", size = 25335, upload-time = "2022-10-25T02:36:20.889Z" },
]

[[package]]
name = "fastcore"
version = "1.12.14"
source = { registry = "https://pypi.org/simple" }
sdist = { url = "https://files.pythonhosted.org/packages/92/b0/c30721504c916c871b1c3d2f209ad0fa9320a26c7e9041436e9231f3aa1d/fastcore-1.12.14.tar.gz", hash = "sha256:09190c46360c57dbba5e6b991df4b5fd6d2720ea4b4959309151d7fe6b2bf520", size = 92366, upload-time = "2026-02-14T06:54:56.272Z" }
wheels = [
    { url = "https://files.pythonhosted.org/packages/d0/c0/b7fa771dda08001eb004112114094370d6b94b857ed902a32472ed74a8fe/fastcore-1.12.14-py3-none-any.whl", hash = "sha256:19e5adcee3af6f357af4f66954e17f335f208bb9cb422dcdef03d2e9d586eca3", size = 96584, upload-time = "2026-02-14T06:54:54.315Z" },
]

[[package]]
name = "loguru"
version = "0.7.3"
source = { registry = "https://pypi.org/simple" }
dependencies = [
    { name = "colorama", marker = "sys_platform == 'win32'" },
    { name = "win32-setctime", marker = "sys_platform == 'win32'" },
]
sdist = { url = "https://files.pythonhosted.org/packages/3a/05/a1dae3dffd1116099471c643b8924f5aa6524411dc6c63fdae648c4f1aca/loguru-0.7.3.tar.gz", hash = "sha256:19480589e77d47b8d85b2c827ad95d49bf31b0dcde16593892eb51dd18706eb6", size = 63559, upload-time = "2024-12-06T11:20:56.608Z" }
wheels = [
    { url = "https://files.pythonhosted.org/packages/0c/29/0348de65b8cc732daa3e33e67806420b2ae89bdce2b04af740289c5c6c8c/loguru-0.7.3-py3-none-any.whl", hash = "sha256:31a33c10c8e1e10422bfd431aeb5d351c7cf7fa671e3c4df004162264b28220c", size = 61595, upload-time = "2024-12-06T11:20:54.538Z" },
]

[[package]]
name = "sqlite-minutils"
version = "4.0.3"
source = { registry = "https://pypi.org/simple" }
dependencies = [
    { name = "fastcore" },
]
sdist = { url = "https://files.pythonhosted.org/packages/39/de/25926f1caafee46ee4a7f617ab624652e6c44ba8b2351399c626b10553d4/sqlite-minutils-4.0.3.tar.gz", hash = "sha256:c3fc6d20f86b2cd0071eaa9e356024ef83aba3ce9d9606e50c4ab255c3279a71", size = 73036, upload-time = "2024-12-01T23:48:18.746Z" }
wheels = [
    { url = "https://files.pythonhosted.org/packages/85/12/78e39e4734bb8770955a6ec7f5dc1a918d56c8f94a1eaa2c7fb91f2fec2a/sqlite_minutils-4.0.3-py3-none-any.whl", hash = "sha256:33254c37d88b8dfd6218ba0d7c4d64232a2bf234e15b841459c5676dea2b2db0", size = 79288, upload-time = "2024-12-01T23:48:16.776Z" },
]

[[package]]
name = "tools"
version = "0.1.0"
source = { editable = "." }
dependencies = [
    { name = "loguru" },
    { name = "sqlite-minutils" },
]

[package.metadata]
requires-dist = [
    { name = "loguru", specifier = ">=0.7.3" },
    { name = "sqlite-minutils", specifier = ">=4.0.3" },
]

[[package]]
name = "win32-setctime"
version = "1.2.0"
source = { registry = "https://pypi.org/simple" }
sdist = { url = "https://files.pythonhosted.org/packages/b3/8f/705086c9d734d3b663af0e9bb3d4de6578d08f46b1b101c2442fd9aecaa2/win32_setctime-1.2.0.tar.gz", hash = "sha256:ae1fdf948f5640aae05c511ade119313fb6a30d7eabe25fef9764dca5873c4c0", size = 4867, upload-time = "2024-12-07T15:28:28.314Z" }
wheels = [
    { url = "https://files.pythonhosted.org/packages/e1/07/c6fe3ad3e685340704d314d765b7912993bcb8dc198f0e7a89382d37974b/win32_setctime-1.2.0-py3-none-any.whl", hash = "sha256:95d644c4e708aba81dc3704a116d8cbc974d70b3bdb8be1d150e36be6e9d1390", size = 4083, upload-time = "2024-12-07T15:28:26.465Z" },
]
